{
    "_readme": [
        "This file locks the dependencies of your project to a known state",
        "Read more about it at https://getcomposer.org/doc/01-basic-usage.md#installing-dependencies",
        "This file is @generated automatically"
    ],
    "content-hash": "540378b0b8a855e892d0dfb3009588e3",
    "packages": [
        {
            "name": "alcohol/iso4217",
            "version": "4.1.0",
            "source": {
                "type": "git",
                "url": "https://github.com/alcohol/iso4217.git",
                "reference": "422890279c805e98dcea012f3dbbc184ac8afbe5"
            },
            "dist": {
                "type": "zip",
                "url": "https://api.github.com/repos/alcohol/iso4217/zipball/422890279c805e98dcea012f3dbbc184ac8afbe5",
                "reference": "422890279c805e98dcea012f3dbbc184ac8afbe5",
                "shasum": ""
            },
            "require": {
                "php": "^7.4 || ^8.0"
            },
            "require-dev": {
                "phpunit/phpunit": "^9.0"
            },
            "type": "library",
            "extra": {
                "branch-alias": {
                    "dev-main": "4.x-dev"
                }
            },
            "autoload": {
                "psr-4": {
                    "Alcohol\\": "."
                }
            },
            "notification-url": "https://packagist.org/downloads/",
            "license": [
                "MIT"
            ],
            "authors": [
                {
                    "name": "Rob Bast",
                    "email": "rob.bast@gmail.com"
                }
            ],
            "description": "ISO 4217 PHP Library",
            "homepage": "http://alcohol.github.io/iso4217/",
            "keywords": [
                "4217",
                "ISO 4217",
                "currencies",
                "iso",
                "library"
            ],
            "support": {
                "issues": "https://github.com/alcohol/iso4217/issues",
                "source": "https://github.com/alcohol/iso4217"
            },
            "time": "2023-02-28T12:25:39+00:00"
        },
        {
            "name": "league/iso3166",
            "version": "4.3.1",
            "source": {
                "type": "git",
                "url": "https://github.com/thephpleague/iso3166.git",
                "reference": "11703e0313f34920add11c0228f0dd43ebd10f9a"
            },
            "dist": {
                "type": "zip",
                "url": "https://api.github.com/repos/thephpleague/iso3166/zipball/11703e0313f34920add11c0228f0dd43ebd10f9a",
                "reference": "11703e0313f34920add11c0228f0dd43ebd10f9a",
                "shasum": ""
            },
            "require": {
                "ext-mbstring": "*",
                "php": "^7.3|^8.0"
            },
            "require-dev": {
                "phpunit/phpunit": "^9.5"
            },
            "type": "library",
            "extra": {
                "branch-alias": {
                    "dev-master": "3.x-dev"
                }
            },
            "autoload": {
                "psr-4": {
                    "League\\ISO3166\\": "src"
                }
            },
            "notification-url": "https://packagist.org/downloads/",
            "license": [
                "MIT"
            ],
            "authors": [
                {
                    "name": "Rob Bast",
                    "email": "rob.bast@gmail.com"
                }
            ],
            "description": "ISO 3166-1 PHP Library",
            "homepage": "https://github.com/thephpleague/iso3166",
            "keywords": [
                "3166",
                "3166-1",
                "ISO 3166",
                "countries",
                "iso",
                "library"
            ],
            "support": {
                "issues": "https://github.com/thephpleague/iso3166/issues",
                "source": "https://github.com/thephpleague/iso3166"
            },
            "time": "2023-09-11T07:59:36+00:00"
        },
        {
            "name": "onpayio/php-sdk",
            "version": "1.0.34",
            "source": {
                "type": "git",
                "url": "https://github.com/onpayio/php-sdk.git",
                "reference": "e6c63d5db3006d470535a76dab626e4222ea5680"
            },
            "dist": {
                "type": "zip",
                "url": "https://api.github.com/repos/onpayio/php-sdk/zipball/e6c63d5db3006d470535a76dab626e4222ea5680",
                "reference": "e6c63d5db3006d470535a76dab626e4222ea5680",
                "shasum": ""
            },
            "require": {
                "ext-json": "*",
                "php": ">=5.6"
            },
            "require-dev": {
                "phpunit/phpunit": "^11.4"
            },
            "type": "library",
            "autoload": {
                "psr-4": {
                    "OnPay\\": "src/"
                }
            },
            "notification-url": "https://packagist.org/downloads/",
            "license": [
                "MIT"
            ],
            "description": "PHP SDK for OnPay.io API",
            "homepage": "https://github.com/onpayio/php-sdk",
            "support": {
                "issues": "https://github.com/onpayio/php-sdk/issues",
                "source": "https://github.com/onpayio/php-sdk/tree/1.0.34"
            },
            "time": "2025-03-07T09:54:15+00:00"
        }
    ],
    "packages-dev": [],
    "aliases": [],
    "minimum-stability": "stable",
    "stability-flags": {},
    "prefer-stable": false,
    "prefer-lowest": false,
    "platform": {},
    "platform-dev": {},
    "platform-overrides": {
        "php": "7.4"
    },
    "plugin-api-version": "2.6.0"
}
